// !$*UTF8*$!
{
	archiveVersion = 1;
	classes = {
	};
	objectVersion = 46;
	objects = {

/* Begin PBXBuildFile section */
		5F50517687557AE13EC28B54 /* Pods.framework in Frameworks */ = {isa = PBXBuildFile; fileRef = B3F840233885032DDD24A79C /* Pods.framework */; };
		85AB109FE7AE0965BAED6BB9 /* Pods_hingeHomework.framework in Frameworks */ = {isa = PBXBuildFile; fileRef = B8B307F2F231102062F4BBDD /* Pods_hingeHomework.framework */; };
		DB3FB5DA1CCAA29100884319 /* AppDelegate.swift in Sources */ = {isa = PBXBuildFile; fileRef = DB3FB5D91CCAA29100884319 /* AppDelegate.swift */; };
		DB3FB5DF1CCAA29100884319 /* Main.storyboard in Resources */ = {isa = PBXBuildFile; fileRef = DB3FB5DD1CCAA29100884319 /* Main.storyboard */; };
		DB3FB5E11CCAA29100884319 /* Assets.xcassets in Resources */ = {isa = PBXBuildFile; fileRef = DB3FB5E01CCAA29100884319 /* Assets.xcassets */; };
		DB3FB5E41CCAA29100884319 /* LaunchScreen.storyboard in Resources */ = {isa = PBXBuildFile; fileRef = DB3FB5E21CCAA29100884319 /* LaunchScreen.storyboard */; };
		DB3FB5EF1CCAA29100884319 /* hingeHomeworkTests.swift in Sources */ = {isa = PBXBuildFile; fileRef = DB3FB5EE1CCAA29100884319 /* hingeHomeworkTests.swift */; };
		DB3FB5FA1CCAA29100884319 /* hingeHomeworkUITests.swift in Sources */ = {isa = PBXBuildFile; fileRef = DB3FB5F91CCAA29100884319 /* hingeHomeworkUITests.swift */; };
		DB3FB6081CCAA31300884319 /* HomepageCollectionViewController.swift in Sources */ = {isa = PBXBuildFile; fileRef = DB3FB6071CCAA31300884319 /* HomepageCollectionViewController.swift */; };
		DB3FB60A1CCAA43600884319 /* HomepageCollectionViewCell.swift in Sources */ = {isa = PBXBuildFile; fileRef = DB3FB6091CCAA43600884319 /* HomepageCollectionViewCell.swift */; };
		DBC195CB1CCEABDE005C68F6 /* AFWrapper.swift in Sources */ = {isa = PBXBuildFile; fileRef = DBC195CA1CCEABDE005C68F6 /* AFWrapper.swift */; };
		DBC61D201CCE5B8700D0BAC2 /* GalleryViewController.swift in Sources */ = {isa = PBXBuildFile; fileRef = DBC61D1F1CCE5B8700D0BAC2 /* GalleryViewController.swift */; };
		DBF40F5B1CD141C300E6A6EE /* CustomImageView.swift in Sources */ = {isa = PBXBuildFile; fileRef = DBF40F5A1CD141C300E6A6EE /* CustomImageView.swift */; };
		DBF40F611CD3D94600E6A6EE /* hingeImage.swift in Sources */ = {isa = PBXBuildFile; fileRef = DBF40F601CD3D94600E6A6EE /* hingeImage.swift */; };
/* End PBXBuildFile section */

/* Begin PBXContainerItemProxy section */
		DB3FB5EB1CCAA29100884319 /* PBXContainerItemProxy */ = {
			isa = PBXContainerItemProxy;
			containerPortal = DB3FB5CE1CCAA29000884319 /* Project object */;
			proxyType = 1;
			remoteGlobalIDString = DB3FB5D51CCAA29000884319;
			remoteInfo = hingeHomework;
		};
		DB3FB5F61CCAA29100884319 /* PBXContainerItemProxy */ = {
			isa = PBXContainerItemProxy;
			containerPortal = DB3FB5CE1CCAA29000884319 /* Project object */;
			proxyType = 1;
			remoteGlobalIDString = DB3FB5D51CCAA29000884319;
			remoteInfo = hingeHomework;
		};
/* End PBXContainerItemProxy section */

/* Begin PBXFileReference section */
		1DD2E175E24FDA76E0C45C5C /* Pods.debug.xcconfig */ = {isa = PBXFileReference; includeInIndex = 1; lastKnownFileType = text.xcconfig; name = Pods.debug.xcconfig; path = "Pods/Target Support Files/Pods/Pods.debug.xcconfig"; sourceTree = "<group>"; };
		62464120369D37C92861E9D5 /* Pods-hingeHomework.debug.xcconfig */ = {isa = PBXFileReference; includeInIndex = 1; lastKnownFileType = text.xcconfig; name = "Pods-hingeHomework.debug.xcconfig"; path = "Pods/Target Support Files/Pods-hingeHomework/Pods-hingeHomework.debug.xcconfig"; sourceTree = "<group>"; };
		6B4FD15B43F73FA65C7F80AD /* Pods.release.xcconfig */ = {isa = PBXFileReference; includeInIndex = 1; lastKnownFileType = text.xcconfig; name = Pods.release.xcconfig; path = "Pods/Target Support Files/Pods/Pods.release.xcconfig"; sourceTree = "<group>"; };
		A74869EB966ECFC0770FA34B /* Pods-hingeHomework.release.xcconfig */ = {isa = PBXFileReference; includeInIndex = 1; lastKnownFileType = text.xcconfig; name = "Pods-hingeHomework.release.xcconfig"; path = "Pods/Target Support Files/Pods-hingeHomework/Pods-hingeHomework.release.xcconfig"; sourceTree = "<group>"; };
		B3F840233885032DDD24A79C /* Pods.framework */ = {isa = PBXFileReference; explicitFileType = wrapper.framework; includeInIndex = 0; path = Pods.framework; sourceTree = BUILT_PRODUCTS_DIR; };
		B8B307F2F231102062F4BBDD /* Pods_hingeHomework.framework */ = {isa = PBXFileReference; explicitFileType = wrapper.framework; includeInIndex = 0; path = Pods_hingeHomework.framework; sourceTree = BUILT_PRODUCTS_DIR; };
		DB3FB5D61CCAA29000884319 /* hingeHomework.app */ = {isa = PBXFileReference; explicitFileType = wrapper.application; includeInIndex = 0; path = hingeHomework.app; sourceTree = BUILT_PRODUCTS_DIR; };
		DB3FB5D91CCAA29100884319 /* AppDelegate.swift */ = {isa = PBXFileReference; lastKnownFileType = sourcecode.swift; path = AppDelegate.swift; sourceTree = "<group>"; };
		DB3FB5DE1CCAA29100884319 /* Base */ = {isa = PBXFileReference; lastKnownFileType = file.storyboard; name = Base; path = Base.lproj/Main.storyboard; sourceTree = "<group>"; };
		DB3FB5E01CCAA29100884319 /* Assets.xcassets */ = {isa = PBXFileReference; lastKnownFileType = folder.assetcatalog; path = Assets.xcassets; sourceTree = "<group>"; };
		DB3FB5E31CCAA29100884319 /* Base */ = {isa = PBXFileReference; lastKnownFileType = file.storyboard; name = Base; path = Base.lproj/LaunchScreen.storyboard; sourceTree = "<group>"; };
		DB3FB5E51CCAA29100884319 /* Info.plist */ = {isa = PBXFileReference; lastKnownFileType = text.plist.xml; path = Info.plist; sourceTree = "<group>"; };
		DB3FB5EA1CCAA29100884319 /* hingeHomeworkTests.xctest */ = {isa = PBXFileReference; explicitFileType = wrapper.cfbundle; includeInIndex = 0; path = hingeHomeworkTests.xctest; sourceTree = BUILT_PRODUCTS_DIR; };
		DB3FB5EE1CCAA29100884319 /* hingeHomeworkTests.swift */ = {isa = PBXFileReference; lastKnownFileType = sourcecode.swift; path = hingeHomeworkTests.swift; sourceTree = "<group>"; };
		DB3FB5F01CCAA29100884319 /* Info.plist */ = {isa = PBXFileReference; lastKnownFileType = text.plist.xml; path = Info.plist; sourceTree = "<group>"; };
		DB3FB5F51CCAA29100884319 /* hingeHomeworkUITests.xctest */ = {isa = PBXFileReference; explicitFileType = wrapper.cfbundle; includeInIndex = 0; path = hingeHomeworkUITests.xctest; sourceTree = BUILT_PRODUCTS_DIR; };
		DB3FB5F91CCAA29100884319 /* hingeHomeworkUITests.swift */ = {isa = PBXFileReference; lastKnownFileType = sourcecode.swift; path = hingeHomeworkUITests.swift; sourceTree = "<group>"; };
		DB3FB5FB1CCAA29100884319 /* Info.plist */ = {isa = PBXFileReference; lastKnownFileType = text.plist.xml; path = Info.plist; sourceTree = "<group>"; };
		DB3FB6071CCAA31300884319 /* HomepageCollectionViewController.swift */ = {isa = PBXFileReference; fileEncoding = 4; lastKnownFileType = sourcecode.swift; path = HomepageCollectionViewController.swift; sourceTree = "<group>"; };
		DB3FB6091CCAA43600884319 /* HomepageCollectionViewCell.swift */ = {isa = PBXFileReference; fileEncoding = 4; lastKnownFileType = sourcecode.swift; path = HomepageCollectionViewCell.swift; sourceTree = "<group>"; };
		DBC195CA1CCEABDE005C68F6 /* AFWrapper.swift */ = {isa = PBXFileReference; fileEncoding = 4; lastKnownFileType = sourcecode.swift; path = AFWrapper.swift; sourceTree = "<group>"; };
		DBC61D1F1CCE5B8700D0BAC2 /* GalleryViewController.swift */ = {isa = PBXFileReference; fileEncoding = 4; lastKnownFileType = sourcecode.swift; path = GalleryViewController.swift; sourceTree = "<group>"; };
		DBF40F5A1CD141C300E6A6EE /* CustomImageView.swift */ = {isa = PBXFileReference; fileEncoding = 4; lastKnownFileType = sourcecode.swift; path = CustomImageView.swift; sourceTree = "<group>"; };
		DBF40F601CD3D94600E6A6EE /* hingeImage.swift */ = {isa = PBXFileReference; fileEncoding = 4; lastKnownFileType = sourcecode.swift; path = hingeImage.swift; sourceTree = "<group>"; };
/* End PBXFileReference section */

/* Begin PBXFrameworksBuildPhase section */
		DB3FB5D31CCAA29000884319 /* Frameworks */ = {
			isa = PBXFrameworksBuildPhase;
			buildActionMask = 2147483647;
			files = (
				5F50517687557AE13EC28B54 /* Pods.framework in Frameworks */,
				85AB109FE7AE0965BAED6BB9 /* Pods_hingeHomework.framework in Frameworks */,
			);
			runOnlyForDeploymentPostprocessing = 0;
		};
		DB3FB5E71CCAA29100884319 /* Frameworks */ = {
			isa = PBXFrameworksBuildPhase;
			buildActionMask = 2147483647;
			files = (
			);
			runOnlyForDeploymentPostprocessing = 0;
		};
		DB3FB5F21CCAA29100884319 /* Frameworks */ = {
			isa = PBXFrameworksBuildPhase;
			buildActionMask = 2147483647;
			files = (
			);
			runOnlyForDeploymentPostprocessing = 0;
		};
/* End PBXFrameworksBuildPhase section */

/* Begin PBXGroup section */
		2A76FA0B94A1822D3DE6B740 /* Pods */ = {
			isa = PBXGroup;
			children = (
				1DD2E175E24FDA76E0C45C5C /* Pods.debug.xcconfig */,
				6B4FD15B43F73FA65C7F80AD /* Pods.release.xcconfig */,
				62464120369D37C92861E9D5 /* Pods-hingeHomework.debug.xcconfig */,
				A74869EB966ECFC0770FA34B /* Pods-hingeHomework.release.xcconfig */,
			);
			name = Pods;
			sourceTree = "<group>";
		};
		7BD23691B491E5C25B1A7F77 /* Frameworks */ = {
			isa = PBXGroup;
			children = (
				B3F840233885032DDD24A79C /* Pods.framework */,
				B8B307F2F231102062F4BBDD /* Pods_hingeHomework.framework */,
			);
			name = Frameworks;
			sourceTree = "<group>";
		};
		DB3FB5CD1CCAA29000884319 = {
			isa = PBXGroup;
			children = (
				DB3FB5D81CCAA29000884319 /* hingeHomework */,
				DB3FB5ED1CCAA29100884319 /* hingeHomeworkTests */,
				DB3FB5F81CCAA29100884319 /* hingeHomeworkUITests */,
				DB3FB5D71CCAA29000884319 /* Products */,
				2A76FA0B94A1822D3DE6B740 /* Pods */,
				7BD23691B491E5C25B1A7F77 /* Frameworks */,
			);
			sourceTree = "<group>";
		};
		DB3FB5D71CCAA29000884319 /* Products */ = {
			isa = PBXGroup;
			children = (
				DB3FB5D61CCAA29000884319 /* hingeHomework.app */,
				DB3FB5EA1CCAA29100884319 /* hingeHomeworkTests.xctest */,
				DB3FB5F51CCAA29100884319 /* hingeHomeworkUITests.xctest */,
			);
			name = Products;
			sourceTree = "<group>";
		};
		DB3FB5D81CCAA29000884319 /* hingeHomework */ = {
			isa = PBXGroup;
			children = (
				DB3FB5D91CCAA29100884319 /* AppDelegate.swift */,
				DB3FB5DD1CCAA29100884319 /* Main.storyboard */,
				DB3FB5E01CCAA29100884319 /* Assets.xcassets */,
				DB3FB5E21CCAA29100884319 /* LaunchScreen.storyboard */,
				DB3FB5E51CCAA29100884319 /* Info.plist */,
				DBC195CA1CCEABDE005C68F6 /* AFWrapper.swift */,
				DBC195C71CCEA171005C68F6 /* Model */,
				DB3FB60B1CCAAE5600884319 /* Views */,
			);
			path = hingeHomework;
			sourceTree = "<group>";
		};
		DB3FB5ED1CCAA29100884319 /* hingeHomeworkTests */ = {
			isa = PBXGroup;
			children = (
				DB3FB5EE1CCAA29100884319 /* hingeHomeworkTests.swift */,
				DB3FB5F01CCAA29100884319 /* Info.plist */,
			);
			path = hingeHomeworkTests;
			sourceTree = "<group>";
		};
		DB3FB5F81CCAA29100884319 /* hingeHomeworkUITests */ = {
			isa = PBXGroup;
			children = (
				DB3FB5F91CCAA29100884319 /* hingeHomeworkUITests.swift */,
				DB3FB5FB1CCAA29100884319 /* Info.plist */,
			);
			path = hingeHomeworkUITests;
			sourceTree = "<group>";
		};
		DB3FB60B1CCAAE5600884319 /* Views */ = {
			isa = PBXGroup;
			children = (
				DB3FB6071CCAA31300884319 /* HomepageCollectionViewController.swift */,
				DBC61D1F1CCE5B8700D0BAC2 /* GalleryViewController.swift */,
				DB3FB6091CCAA43600884319 /* HomepageCollectionViewCell.swift */,
				DBF40F5A1CD141C300E6A6EE /* CustomImageView.swift */,
			);
			name = Views;
			sourceTree = "<group>";
		};
		DBC195C71CCEA171005C68F6 /* Model */ = {
			isa = PBXGroup;
			children = (
				DBF40F601CD3D94600E6A6EE /* hingeImage.swift */,
			);
			name = Model;
			sourceTree = "<group>";
		};
/* End PBXGroup section */

/* Begin PBXNativeTarget section */
		DB3FB5D51CCAA29000884319 /* hingeHomework */ = {
			isa = PBXNativeTarget;
			buildConfigurationList = DB3FB5FE1CCAA29100884319 /* Build configuration list for PBXNativeTarget "hingeHomework" */;
			buildPhases = (
				4F5EE15A941342DDEB1FE320 /* Check Pods Manifest.lock */,
				DB3FB5D21CCAA29000884319 /* Sources */,
				DB3FB5D31CCAA29000884319 /* Frameworks */,
				DB3FB5D41CCAA29000884319 /* Resources */,
				264E7043EBA6A92E95607A42 /* Embed Pods Frameworks */,
				218BC92784FF4CB1DA374B99 /* Copy Pods Resources */,
			);
			buildRules = (
			);
			dependencies = (
			);
			name = hingeHomework;
			productName = hingeHomework;
			productReference = DB3FB5D61CCAA29000884319 /* hingeHomework.app */;
			productType = "com.apple.product-type.application";
		};
		DB3FB5E91CCAA29100884319 /* hingeHomeworkTests */ = {
			isa = PBXNativeTarget;
			buildConfigurationList = DB3FB6011CCAA29100884319 /* Build configuration list for PBXNativeTarget "hingeHomeworkTests" */;
			buildPhases = (
				DB3FB5E61CCAA29100884319 /* Sources */,
				DB3FB5E71CCAA29100884319 /* Frameworks */,
				DB3FB5E81CCAA29100884319 /* Resources */,
			);
			buildRules = (
			);
			dependencies = (
				DB3FB5EC1CCAA29100884319 /* PBXTargetDependency */,
			);
			name = hingeHomeworkTests;
			productName = hingeHomeworkTests;
			productReference = DB3FB5EA1CCAA29100884319 /* hingeHomeworkTests.xctest */;
			productType = "com.apple.product-type.bundle.unit-test";
		};
		DB3FB5F41CCAA29100884319 /* hingeHomeworkUITests */ = {
			isa = PBXNativeTarget;
			buildConfigurationList = DB3FB6041CCAA29100884319 /* Build configuration list for PBXNativeTarget "hingeHomeworkUITests" */;
			buildPhases = (
				DB3FB5F11CCAA29100884319 /* Sources */,
				DB3FB5F21CCAA29100884319 /* Frameworks */,
				DB3FB5F31CCAA29100884319 /* Resources */,
			);
			buildRules = (
			);
			dependencies = (
				DB3FB5F71CCAA29100884319 /* PBXTargetDependency */,
			);
			name = hingeHomeworkUITests;
			productName = hingeHomeworkUITests;
			productReference = DB3FB5F51CCAA29100884319 /* hingeHomeworkUITests.xctest */;
			productType = "com.apple.product-type.bundle.ui-testing";
		};
/* End PBXNativeTarget section */

/* Begin PBXProject section */
		DB3FB5CE1CCAA29000884319 /* Project object */ = {
			isa = PBXProject;
			attributes = {
				LastSwiftUpdateCheck = 0730;
				LastUpgradeCheck = 0730;
				ORGANIZATIONNAME = "Caponong, Lauren";
				TargetAttributes = {
					DB3FB5D51CCAA29000884319 = {
						CreatedOnToolsVersion = 7.3;
					};
					DB3FB5E91CCAA29100884319 = {
						CreatedOnToolsVersion = 7.3;
						TestTargetID = DB3FB5D51CCAA29000884319;
					};
					DB3FB5F41CCAA29100884319 = {
						CreatedOnToolsVersion = 7.3;
						TestTargetID = DB3FB5D51CCAA29000884319;
					};
				};
			};
			buildConfigurationList = DB3FB5D11CCAA29000884319 /* Build configuration list for PBXProject "hingeHomework" */;
			compatibilityVersion = "Xcode 3.2";
			developmentRegion = English;
			hasScannedForEncodings = 0;
			knownRegions = (
				en,
				Base,
			);
			mainGroup = DB3FB5CD1CCAA29000884319;
			productRefGroup = DB3FB5D71CCAA29000884319 /* Products */;
			projectDirPath = "";
			projectRoot = "";
			targets = (
				DB3FB5D51CCAA29000884319 /* hingeHomework */,
				DB3FB5E91CCAA29100884319 /* hingeHomeworkTests */,
				DB3FB5F41CCAA29100884319 /* hingeHomeworkUITests */,
			);
		};
/* End PBXProject section */

/* Begin PBXResourcesBuildPhase section */
		DB3FB5D41CCAA29000884319 /* Resources */ = {
			isa = PBXResourcesBuildPhase;
			buildActionMask = 2147483647;
			files = (
				DB3FB5E41CCAA29100884319 /* LaunchScreen.storyboard in Resources */,
				DB3FB5E11CCAA29100884319 /* Assets.xcassets in Resources */,
				DB3FB5DF1CCAA29100884319 /* Main.storyboard in Resources */,
			);
			runOnlyForDeploymentPostprocessing = 0;
		};
		DB3FB5E81CCAA29100884319 /* Resources */ = {
			isa = PBXResourcesBuildPhase;
			buildActionMask = 2147483647;
			files = (
			);
			runOnlyForDeploymentPostprocessing = 0;
		};
		DB3FB5F31CCAA29100884319 /* Resources */ = {
			isa = PBXResourcesBuildPhase;
			buildActionMask = 2147483647;
			files = (
			);
			runOnlyForDeploymentPostprocessing = 0;
		};
/* End PBXResourcesBuildPhase section */

/* Begin PBXShellScriptBuildPhase section */
		218BC92784FF4CB1DA374B99 /* Copy Pods Resources */ = {
			isa = PBXShellScriptBuildPhase;
			buildActionMask = 2147483647;
			files = (
			);
			inputPaths = (
			);
			name = "Copy Pods Resources";
			outputPaths = (
			);
			runOnlyForDeploymentPostprocessing = 0;
			shellPath = /bin/sh;
			shellScript = "\"${SRCROOT}/Pods/Target Support Files/Pods-hingeHomework/Pods-hingeHomework-resources.sh\"\n";
			showEnvVarsInLog = 0;
		};
		264E7043EBA6A92E95607A42 /* Embed Pods Frameworks */ = {
			isa = PBXShellScriptBuildPhase;
			buildActionMask = 2147483647;
			files = (
			);
			inputPaths = (
			);
			name = "Embed Pods Frameworks";
			outputPaths = (
			);
			runOnlyForDeploymentPostprocessing = 0;
			shellPath = /bin/sh;
			shellScript = "\"${SRCROOT}/Pods/Target Support Files/Pods-hingeHomework/Pods-hingeHomework-frameworks.sh\"\n";
			showEnvVarsInLog = 0;
		};
		4F5EE15A941342DDEB1FE320 /* Check Pods Manifest.lock */ = {
			isa = PBXShellScriptBuildPhase;
			buildActionMask = 2147483647;
			files = (
			);
			inputPaths = (
			);
			name = "Check Pods Manifest.lock";
			outputPaths = (
			);
			runOnlyForDeploymentPostprocessing = 0;
			shellPath = /bin/sh;
			shellScript = "diff \"${PODS_ROOT}/../Podfile.lock\" \"${PODS_ROOT}/Manifest.lock\" > /dev/null\nif [[ $? != 0 ]] ; then\n    cat << EOM\nerror: The sandbox is not in sync with the Podfile.lock. Run 'pod install' or update your CocoaPods installation.\nEOM\n    exit 1\nfi\n";
			showEnvVarsInLog = 0;
		};
/* End PBXShellScriptBuildPhase section */

/* Begin PBXSourcesBuildPhase section */
		DB3FB5D21CCAA29000884319 /* Sources */ = {
			isa = PBXSourcesBuildPhase;
			buildActionMask = 2147483647;
			files = (
				DB3FB60A1CCAA43600884319 /* HomepageCollectionViewCell.swift in Sources */,
				DBF40F611CD3D94600E6A6EE /* hingeImage.swift in Sources */,
				DBC61D201CCE5B8700D0BAC2 /* GalleryViewController.swift in Sources */,
				DBC195CB1CCEABDE005C68F6 /* AFWrapper.swift in Sources */,
				DBF40F5B1CD141C300E6A6EE /* CustomImageView.swift in Sources */,
				DB3FB5DA1CCAA29100884319 /* AppDelegate.swift in Sources */,
				DB3FB6081CCAA31300884319 /* HomepageCollectionViewController.swift in Sources */,
			);
			runOnlyForDeploymentPostprocessing = 0;
		};
		DB3FB5E61CCAA29100884319 /* Sources */ = {
			isa = PBXSourcesBuildPhase;
			buildActionMask = 2147483647;
			files = (
				DB3FB5EF1CCAA29100884319 /* hingeHomeworkTests.swift in Sources */,
			);
			runOnlyForDeploymentPostprocessing = 0;
		};
		DB3FB5F11CCAA29100884319 /* Sources */ = {
			isa = PBXSourcesBuildPhase;
			buildActionMask = 2147483647;
			files = (
				DB3FB5FA1CCAA29100884319 /* hingeHomeworkUITests.swift in Sources */,
			);
			runOnlyForDeploymentPostprocessing = 0;
		};
/* End PBXSourcesBuildPhase section */

/* Begin PBXTargetDependency section */
		DB3FB5EC1CCAA29100884319 /* PBXTargetDependency */ = {
			isa = PBXTargetDependency;
			target = DB3FB5D51CCAA29000884319 /* hingeHomework */;
			targetProxy = DB3FB5EB1CCAA29100884319 /* PBXContainerItemProxy */;
		};
		DB3FB5F71CCAA29100884319 /* PBXTargetDependency */ = {
			isa = PBXTargetDependency;
			target = DB3FB5D51CCAA29000884319 /* hingeHomework */;
			targetProxy = DB3FB5F61CCAA29100884319 /* PBXContainerItemProxy */;
		};
/* End PBXTargetDependency section */

/* Begin PBXVariantGroup section */
		DB3FB5DD1CCAA29100884319 /* Main.storyboard */ = {
			isa = PBXVariantGroup;
			children = (
				DB3FB5DE1CCAA29100884319 /* Base */,
			);
			name = Main.storyboard;
			sourceTree = "<group>";
		};
		DB3FB5E21CCAA29100884319 /* LaunchScreen.storyboard */ = {
			isa = PBXVariantGroup;
			children = (
				DB3FB5E31CCAA29100884319 /* Base */,
			);
			name = LaunchScreen.storyboard;
			sourceTree = "<group>";
		};
/* End PBXVariantGroup section */

/* Begin XCBuildConfiguration section */
		DB3FB5FC1CCAA29100884319 /* Debug */ = {
			isa = XCBuildConfiguration;
			buildSettings = {
				ALWAYS_SEARCH_USER_PATHS = NO;
				CLANG_ANALYZER_NONNULL = YES;
				CLANG_CXX_LANGUAGE_STANDARD = "gnu++0x";
				CLANG_CXX_LIBRARY = "libc++";
				CLANG_ENABLE_MODULES = YES;
				CLANG_ENABLE_OBJC_ARC = YES;
				CLANG_WARN_BOOL_CONVERSION = YES;
				CLANG_WARN_CONSTANT_CONVERSION = YES;
				CLANG_WARN_DIRECT_OBJC_ISA_USAGE = YES_ERROR;
				CLANG_WARN_EMPTY_BODY = YES;
				CLANG_WARN_ENUM_CONVERSION = YES;
				CLANG_WARN_INT_CONVERSION = YES;
				CLANG_WARN_OBJC_ROOT_CLASS = YES_ERROR;
				CLANG_WARN_UNREACHABLE_CODE = YES;
				CLANG_WARN__DUPLICATE_METHOD_MATCH = YES;
				"CODE_SIGN_IDENTITY[sdk=iphoneos*]" = "iPhone Developer";
				COPY_PHASE_STRIP = NO;
				DEBUG_INFORMATION_FORMAT = dwarf;
				ENABLE_STRICT_OBJC_MSGSEND = YES;
				ENABLE_TESTABILITY = YES;
				GCC_C_LANGUAGE_STANDARD = gnu99;
				GCC_DYNAMIC_NO_PIC = NO;
				GCC_NO_COMMON_BLOCKS = YES;
				GCC_OPTIMIZATION_LEVEL = 0;
				GCC_PREPROCESSOR_DEFINITIONS = (
					"DEBUG=1",
					"$(inherited)",
				);
				GCC_WARN_64_TO_32_BIT_CONVERSION = YES;
				GCC_WARN_ABOUT_RETURN_TYPE = YES_ERROR;
				GCC_WARN_UNDECLARED_SELECTOR = YES;
				GCC_WARN_UNINITIALIZED_AUTOS = YES_AGGRESSIVE;
				GCC_WARN_UNUSED_FUNCTION = YES;
				GCC_WARN_UNUSED_VARIABLE = YES;
				IPHONEOS_DEPLOYMENT_TARGET = 9.3;
				MTL_ENABLE_DEBUG_INFO = YES;
				ONLY_ACTIVE_ARCH = YES;
				SDKROOT = iphoneos;
				SWIFT_OPTIMIZATION_LEVEL = "-Onone";
			};
			name = Debug;
		};
		DB3FB5FD1CCAA29100884319 /* Release */ = {
			isa = XCBuildConfiguration;
			buildSettings = {
				ALWAYS_SEARCH_USER_PATHS = NO;
				CLANG_ANALYZER_NONNULL = YES;
				CLANG_CXX_LANGUAGE_STANDARD = "gnu++0x";
				CLANG_CXX_LIBRARY = "libc++";
				CLANG_ENABLE_MODULES = YES;
				CLANG_ENABLE_OBJC_ARC = YES;
				CLANG_WARN_BOOL_CONVERSION = YES;
				CLANG_WARN_CONSTANT_CONVERSION = YES;
				CLANG_WARN_DIRECT_OBJC_ISA_USAGE = YES_ERROR;
				CLANG_WARN_EMPTY_BODY = YES;
				CLANG_WARN_ENUM_CONVERSION = YES;
				CLANG_WARN_INT_CONVERSION = YES;
				CLANG_WARN_OBJC_ROOT_CLASS = YES_ERROR;
				CLANG_WARN_UNREACHABLE_CODE = YES;
				CLANG_WARN__DUPLICATE_METHOD_MATCH = YES;
				"CODE_SIGN_IDENTITY[sdk=iphoneos*]" = "iPhone Developer";
				COPY_PHASE_STRIP = NO;
				DEBUG_INFORMATION_FORMAT = "dwarf-with-dsym";
				ENABLE_NS_ASSERTIONS = NO;
				ENABLE_STRICT_OBJC_MSGSEND = YES;
				GCC_C_LANGUAGE_STANDARD = gnu99;
				GCC_NO_COMMON_BLOCKS = YES;
				GCC_WARN_64_TO_32_BIT_CONVERSION = YES;
				GCC_WARN_ABOUT_RETURN_TYPE = YES_ERROR;
				GCC_WARN_UNDECLARED_SELECTOR = YES;
				GCC_WARN_UNINITIALIZED_AUTOS = YES_AGGRESSIVE;
				GCC_WARN_UNUSED_FUNCTION = YES;
				GCC_WARN_UNUSED_VARIABLE = YES;
				IPHONEOS_DEPLOYMENT_TARGET = 9.3;
				MTL_ENABLE_DEBUG_INFO = NO;
				SDKROOT = iphoneos;
				VALIDATE_PRODUCT = YES;
			};
			name = Release;
		};
		DB3FB5FF1CCAA29100884319 /* Debug */ = {
			isa = XCBuildConfiguration;
			baseConfigurationReference = 62464120369D37C92861E9D5 /* Pods-hingeHomework.debug.xcconfig */;
			buildSettings = {
				ASSETCATALOG_COMPILER_APPICON_NAME = AppIcon;
				INFOPLIST_FILE = hingeHomework/Info.plist;
				LD_RUNPATH_SEARCH_PATHS = "$(inherited) @executable_path/Frameworks";
				PRODUCT_BUNDLE_IDENTIFIER = com.laurencaponong.hingeHomework;
				PRODUCT_NAME = "$(TARGET_NAME)";
			};
			name = Debug;
		};
		DB3FB6001CCAA29100884319 /* Release */ = {
			isa = XCBuildConfiguration;
			baseConfigurationReference = A74869EB966ECFC0770FA34B /* Pods-hingeHomework.release.xcconfig */;
			buildSettings = {
				ASSETCATALOG_COMPILER_APPICON_NAME = AppIcon;
				INFOPLIST_FILE = hingeHomework/Info.plist;
				LD_RUNPATH_SEARCH_PATHS = "$(inherited) @executable_path/Frameworks";
				PRODUCT_BUNDLE_IDENTIFIER = com.laurencaponong.hingeHomework;
				PRODUCT_NAME = "$(TARGET_NAME)";
			};
			name = Release;
		};
		DB3FB6021CCAA29100884319 /* Debug */ = {
			isa = XCBuildConfiguration;
			buildSettings = {
				BUNDLE_LOADER = "$(TEST_HOST)";
				INFOPLIST_FILE = hingeHomeworkTests/Info.plist;
				LD_RUNPATH_SEARCH_PATHS = "$(inherited) @executable_path/Frameworks @loader_path/Frameworks";
				PRODUCT_BUNDLE_IDENTIFIER = com.laurencaponong.hingeHomeworkTests;
				PRODUCT_NAME = "$(TARGET_NAME)";
				TEST_HOST = "$(BUILT_PRODUCTS_DIR)/hingeHomework.app/hingeHomework";
			};
			name = Debug;
		};
		DB3FB6031CCAA29100884319 /* Release */ = {
			isa = XCBuildConfiguration;
			buildSettings = {
				BUNDLE_LOADER = "$(TEST_HOST)";
				INFOPLIST_FILE = hingeHomeworkTests/Info.plist;
				LD_RUNPATH_SEARCH_PATHS = "$(inherited) @executable_path/Frameworks @loader_path/Frameworks";
				PRODUCT_BUNDLE_IDENTIFIER = com.laurencaponong.hingeHomeworkTests;
				PRODUCT_NAME = "$(TARGET_NAME)";
				TEST_HOST = "$(BUILT_PRODUCTS_DIR)/hingeHomework.app/hingeHomework";
			};
			name = Release;
		};
		DB3FB6051CCAA29100884319 /* Debug */ = {
			isa = XCBuildConfiguration;
			buildSettings = {
				INFOPLIST_FILE = hingeHomeworkUITests/Info.plist;
				LD_RUNPATH_SEARCH_PATHS = "$(inherited) @executable_path/Frameworks @loader_path/Frameworks";
				PRODUCT_BUNDLE_IDENTIFIER = com.laurencaponong.hingeHomeworkUITests;
				PRODUCT_NAME = "$(TARGET_NAME)";
				TEST_TARGET_NAME = hingeHomework;
			};
			name = Debug;
		};
		DB3FB6061CCAA29100884319 /* Release */ = {
			isa = XCBuildConfiguration;
			buildSettings = {
				INFOPLIST_FILE = hingeHomeworkUITests/Info.plist;
				LD_RUNPATH_SEARCH_PATHS = "$(inherited) @executable_path/Frameworks @loader_path/Frameworks";
				PRODUCT_BUNDLE_IDENTIFIER = com.laurencaponong.hingeHomeworkUITests;
				PRODUCT_NAME = "$(TARGET_NAME)";
				TEST_TARGET_NAME = hingeHomework;
			};
			name = Release;
		};
/* End XCBuildConfiguration section */

/* Begin XCConfigurationList section */
		DB3FB5D11CCAA29000884319 /* Build configuration list for PBXProject "hingeHomework" */ = {
			isa = XCConfigurationList;
			buildConfigurations = (
				DB3FB5FC1CCAA29100884319 /* Debug */,
				DB3FB5FD1CCAA29100884319 /* Release */,
			);
			defaultConfigurationIsVisible = 0;
			defaultConfigurationName = Release;
		};
		DB3FB5FE1CCAA29100884319 /* Build configuration list for PBXNativeTarget "hingeHomework" */ = {
			isa = XCConfigurationList;
			buildConfigurations = (
				DB3FB5FF1CCAA29100884319 /* Debug */,
				DB3FB6001CCAA29100884319 /* Release */,
			);
			defaultConfigurationIsVisible = 0;
			defaultConfigurationName = Release;
		};
		DB3FB6011CCAA29100884319 /* Build configuration list for PBXNativeTarget "hingeHomeworkTests" */ = {
			isa = XCConfigurationList;
			buildConfigurations = (
				DB3FB6021CCAA29100884319 /* Debug */,
				DB3FB6031CCAA29100884319 /* Release */,
			);
			defaultConfigurationIsVisible = 0;
			defaultConfigurationName = Release;
		};
		DB3FB6041CCAA29100884319 /* Build configuration list for PBXNativeTarget "hingeHomeworkUITests" */ = {
			isa = XCConfigurationList;
			buildConfigurations = (
				DB3FB6051CCAA29100884319 /* Debug */,
				DB3FB6061CCAA29100884319 /* Release */,
			);
			defaultConfigurationIsVisible = 0;
			defaultConfigurationName = Release;
		};
/* End XCConfigurationList section */
	};
	rootObject = DB3FB5CE1CCAA29000884319 /* Project object */;
}
